
Microsoft Visual Studio Solution File, Format Version 12.00
# Visual Studio 15
VisualStudioVersion = 15.0.27703.2042
MinimumVisualStudioVersion = 10.0.40219.1
Project("{FAE04EC0-301F-11D3-BF4B-00C04F79EFBC}") = "Diziler", "Diziler\Diziler.csproj", "{ACDAA289-6161-4DD6-A7BB-9BE1F78A7D84}"
EndProject
Global
	GlobalSection(SolutionConfigurationPlatforms) = preSolution
		Debug|Any CPU = Debug|Any CPU
		Release|Any CPU = Release|Any CPU
	EndGlobalSection
	GlobalSection(ProjectConfigurationPlatforms) = postSolution
		{ACDAA289-6161-4DD6-A7BB-9BE1F78A7D84}.Debug|Any CPU.ActiveCfg = Debug|Any CPU
		{ACDAA289-6161-4DD6-A7BB-9BE1F78A7D84}.Debug|Any CPU.Build.0 = Debug|Any CPU
		{ACDAA289-6161-4DD6-A7BB-9BE1F78A7D84}.Release|Any CPU.ActiveCfg = Release|Any CPU
		{ACDAA289-6161-4DD6-A7BB-9BE1F78A7D84}.Release|Any CPU.Build.0 = Release|Any CPU
	EndGlobalSection
	GlobalSection(SolutionProperties) = preSolution
		HideSolutionNode = FALSE
	EndGlobalSection
	GlobalSection(ExtensibilityGlobals) = postSolution
		SolutionGuid = {34948CF6-BAE9-4A25-BBF6-2A4A3925664E}
	EndGlobalSection
EndGlobal
