
Microsoft Visual Studio Solution File, Format Version 12.00
# Visual Studio 15
VisualStudioVersion = 15.0.27703.2042
MinimumVisualStudioVersion = 10.0.40219.1
Project("{FAE04EC0-301F-11D3-BF4B-00C04F79EFBC}") = "gu_BlogApp", "gu_BlogApp\gu_BlogApp.csproj", "{FD50DDCC-5D07-4C01-9DA9-A90D75ACAFAE}"
EndProject
Global
	GlobalSection(SolutionConfigurationPlatforms) = preSolution
		Debug|Any CPU = Debug|Any CPU
		Release|Any CPU = Release|Any CPU
	EndGlobalSection
	GlobalSection(ProjectConfigurationPlatforms) = postSolution
		{FD50DDCC-5D07-4C01-9DA9-A90D75ACAFAE}.Debug|Any CPU.ActiveCfg = Debug|Any CPU
		{FD50DDCC-5D07-4C01-9DA9-A90D75ACAFAE}.Debug|Any CPU.Build.0 = Debug|Any CPU
		{FD50DDCC-5D07-4C01-9DA9-A90D75ACAFAE}.Release|Any CPU.ActiveCfg = Release|Any CPU
		{FD50DDCC-5D07-4C01-9DA9-A90D75ACAFAE}.Release|Any CPU.Build.0 = Release|Any CPU
	EndGlobalSection
	GlobalSection(SolutionProperties) = preSolution
		HideSolutionNode = FALSE
	EndGlobalSection
	GlobalSection(ExtensibilityGlobals) = postSolution
		SolutionGuid = {9A872EB9-C940-4C75-BA5C-9C0284F982C4}
	EndGlobalSection
EndGlobal
