
Microsoft Visual Studio Solution File, Format Version 12.00
# Visual Studio 15
VisualStudioVersion = 15.0.27703.2042
MinimumVisualStudioVersion = 10.0.40219.1
Project("{FAE04EC0-301F-11D3-BF4B-00C04F79EFBC}") = "LinqToObject", "LinqToObject\LinqToObject.csproj", "{0124974E-539F-4530-9881-07C7BF3905BA}"
EndProject
Global
	GlobalSection(SolutionConfigurationPlatforms) = preSolution
		Debug|Any CPU = Debug|Any CPU
		Release|Any CPU = Release|Any CPU
	EndGlobalSection
	GlobalSection(ProjectConfigurationPlatforms) = postSolution
		{0124974E-539F-4530-9881-07C7BF3905BA}.Debug|Any CPU.ActiveCfg = Debug|Any CPU
		{0124974E-539F-4530-9881-07C7BF3905BA}.Debug|Any CPU.Build.0 = Debug|Any CPU
		{0124974E-539F-4530-9881-07C7BF3905BA}.Release|Any CPU.ActiveCfg = Release|Any CPU
		{0124974E-539F-4530-9881-07C7BF3905BA}.Release|Any CPU.Build.0 = Release|Any CPU
	EndGlobalSection
	GlobalSection(SolutionProperties) = preSolution
		HideSolutionNode = FALSE
	EndGlobalSection
	GlobalSection(ExtensibilityGlobals) = postSolution
		SolutionGuid = {E2FDCFFC-D556-44AF-9713-44210B5C2FA1}
	EndGlobalSection
EndGlobal
