
Microsoft Visual Studio Solution File, Format Version 12.00
# Visual Studio 15
VisualStudioVersion = 15.0.27703.2042
MinimumVisualStudioVersion = 10.0.40219.1
Project("{FAE04EC0-301F-11D3-BF4B-00C04F79EFBC}") = "GenericList", "GenericList\GenericList.csproj", "{F267E588-30D2-4C1D-88A5-04F7FF9DEFEE}"
EndProject
Global
	GlobalSection(SolutionConfigurationPlatforms) = preSolution
		Debug|Any CPU = Debug|Any CPU
		Release|Any CPU = Release|Any CPU
	EndGlobalSection
	GlobalSection(ProjectConfigurationPlatforms) = postSolution
		{F267E588-30D2-4C1D-88A5-04F7FF9DEFEE}.Debug|Any CPU.ActiveCfg = Debug|Any CPU
		{F267E588-30D2-4C1D-88A5-04F7FF9DEFEE}.Debug|Any CPU.Build.0 = Debug|Any CPU
		{F267E588-30D2-4C1D-88A5-04F7FF9DEFEE}.Release|Any CPU.ActiveCfg = Release|Any CPU
		{F267E588-30D2-4C1D-88A5-04F7FF9DEFEE}.Release|Any CPU.Build.0 = Release|Any CPU
	EndGlobalSection
	GlobalSection(SolutionProperties) = preSolution
		HideSolutionNode = FALSE
	EndGlobalSection
	GlobalSection(ExtensibilityGlobals) = postSolution
		SolutionGuid = {71E52E9E-4C76-41AE-A0DC-0AC4079F383B}
	EndGlobalSection
EndGlobal
